<?xml version="1.0" encoding="UTF-8"?>
<CodeBlocks_project_file>
	<FileVersion major="1" minor="6"/>
	<Project>
		<Option title="googletest-distribution"/>
		<Option makefile_is_custom="1"/>
		<Option compiler="gcc"/>
		<Option virtualFolders="CMake Files\;CMake Files\cmake\;CMake Files\src\;CMake Files\test\;CMake Files\googletest-src\;CMake Files\googletest-src\googlemock\;CMake Files\googletest-src\googletest\;CMake Files\googletest-src\googletest\cmake\;CMake Files\tools\;CMake Files\tools\parallel_http\;CMake Files\tools\rpc_press\;CMake Files\tools\rpc_replay\;CMake Files\tools\rpc_view\;CMake Files\tools\trackme_server\;"/>
		<Build>
			<Target title="all">
				<Option working_dir="/home/dx/CLionProjects/incubator-brpc/googletest-build"/>
				<Option type="4"/>
				<MakeCommands>
					<Build command="/usr/bin/make -j4 -f &quot;/home/dx/CLionProjects/incubator-brpc/googletest-build/Makefile&quot;  VERBOSE=1 all"/>
					<CompileFile command="/usr/bin/make -j4 -f &quot;/home/dx/CLionProjects/incubator-brpc/googletest-build/Makefile&quot;  VERBOSE=1 &quot;$file&quot;"/>
					<Clean command="/usr/bin/make -j4 -f &quot;/home/dx/CLionProjects/incubator-brpc/googletest-build/Makefile&quot;  VERBOSE=1 clean"/>
					<DistClean command="/usr/bin/make -j4 -f &quot;/home/dx/CLionProjects/incubator-brpc/googletest-build/Makefile&quot;  VERBOSE=1 clean"/>
				</MakeCommands>
			</Target>
			<Target title="gmock_main">
				<Option output="/home/dx/CLionProjects/incubator-brpc/cmake-build-debug/output/lib/libgmock_main.a" prefix_auto="0" extension_auto="0"/>
				<Option working_dir="/home/dx/CLionProjects/incubator-brpc/googletest-build/googlemock"/>
				<Option object_output="./"/>
				<Option type="2"/>
				<Option compiler="gcc"/>
				<Compiler>
					<Add directory="/home/dx/CLionProjects/incubator-brpc/src"/>
					<Add directory="/home/dx/CLionProjects/incubator-brpc/cmake-build-debug"/>
					<Add directory="/home/dx/CLionProjects/incubator-brpc/cmake-build-debug/test"/>
					<Add directory="/home/dx/CLionProjects/incubator-brpc/googletest-src/googlemock/include"/>
					<Add directory="/home/dx/CLionProjects/incubator-brpc/googletest-src/googlemock"/>
					<Add directory="/home/dx/CLionProjects/incubator-brpc/googletest-src/googletest/include"/>
					<Add directory="/home/dx/CLionProjects/incubator-brpc/googletest-src/googletest"/>
					<Add directory="/usr/include/c++/7"/>
					<Add directory="/usr/include/x86_64-linux-gnu/c++/7"/>
					<Add directory="/usr/include/c++/7/backward"/>
					<Add directory="/usr/lib/gcc/x86_64-linux-gnu/7/include"/>
					<Add directory="/usr/local/include"/>
					<Add directory="/usr/lib/gcc/x86_64-linux-gnu/7/include-fixed"/>
					<Add directory="/usr/include/x86_64-linux-gnu"/>
					<Add directory="/usr/include"/>
				</Compiler>
				<MakeCommands>
					<Build command="/usr/bin/make -j4 -f &quot;/home/dx/CLionProjects/incubator-brpc/googletest-build/googlemock/Makefile&quot;  VERBOSE=1 gmock_main"/>
					<CompileFile command="/usr/bin/make -j4 -f &quot;/home/dx/CLionProjects/incubator-brpc/googletest-build/googlemock/Makefile&quot;  VERBOSE=1 &quot;$file&quot;"/>
					<Clean command="/usr/bin/make -j4 -f &quot;/home/dx/CLionProjects/incubator-brpc/googletest-build/googlemock/Makefile&quot;  VERBOSE=1 clean"/>
					<DistClean command="/usr/bin/make -j4 -f &quot;/home/dx/CLionProjects/incubator-brpc/googletest-build/googlemock/Makefile&quot;  VERBOSE=1 clean"/>
				</MakeCommands>
			</Target>
			<Target title="gmock_main/fast">
				<Option output="/home/dx/CLionProjects/incubator-brpc/cmake-build-debug/output/lib/libgmock_main.a" prefix_auto="0" extension_auto="0"/>
				<Option working_dir="/home/dx/CLionProjects/incubator-brpc/googletest-build/googlemock"/>
				<Option object_output="./"/>
				<Option type="2"/>
				<Option compiler="gcc"/>
				<Compiler>
					<Add directory="/home/dx/CLionProjects/incubator-brpc/src"/>
					<Add directory="/home/dx/CLionProjects/incubator-brpc/cmake-build-debug"/>
					<Add directory="/home/dx/CLionProjects/incubator-brpc/cmake-build-debug/test"/>
					<Add directory="/home/dx/CLionProjects/incubator-brpc/googletest-src/googlemock/include"/>
					<Add directory="/home/dx/CLionProjects/incubator-brpc/googletest-src/googlemock"/>
					<Add directory="/home/dx/CLionProjects/incubator-brpc/googletest-src/googletest/include"/>
					<Add directory="/home/dx/CLionProjects/incubator-brpc/googletest-src/googletest"/>
					<Add directory="/usr/include/c++/7"/>
					<Add directory="/usr/include/x86_64-linux-gnu/c++/7"/>
					<Add directory="/usr/include/c++/7/backward"/>
					<Add directory="/usr/lib/gcc/x86_64-linux-gnu/7/include"/>
					<Add directory="/usr/local/include"/>
					<Add directory="/usr/lib/gcc/x86_64-linux-gnu/7/include-fixed"/>
					<Add directory="/usr/include/x86_64-linux-gnu"/>
					<Add directory="/usr/include"/>
				</Compiler>
				<MakeCommands>
					<Build command="/usr/bin/make -j4 -f &quot;/home/dx/CLionProjects/incubator-brpc/googletest-build/googlemock/Makefile&quot;  VERBOSE=1 gmock_main/fast"/>
					<CompileFile command="/usr/bin/make -j4 -f &quot;/home/dx/CLionProjects/incubator-brpc/googletest-build/googlemock/Makefile&quot;  VERBOSE=1 &quot;$file&quot;"/>
					<Clean command="/usr/bin/make -j4 -f &quot;/home/dx/CLionProjects/incubator-brpc/googletest-build/googlemock/Makefile&quot;  VERBOSE=1 clean"/>
					<DistClean command="/usr/bin/make -j4 -f &quot;/home/dx/CLionProjects/incubator-brpc/googletest-build/googlemock/Makefile&quot;  VERBOSE=1 clean"/>
				</MakeCommands>
			</Target>
			<Target title="gmock">
				<Option output="/home/dx/CLionProjects/incubator-brpc/cmake-build-debug/output/lib/libgmock.a" prefix_auto="0" extension_auto="0"/>
				<Option working_dir="/home/dx/CLionProjects/incubator-brpc/googletest-build/googlemock"/>
				<Option object_output="./"/>
				<Option type="2"/>
				<Option compiler="gcc"/>
				<Compiler>
					<Add directory="/home/dx/CLionProjects/incubator-brpc/src"/>
					<Add directory="/home/dx/CLionProjects/incubator-brpc/cmake-build-debug"/>
					<Add directory="/home/dx/CLionProjects/incubator-brpc/cmake-build-debug/test"/>
					<Add directory="/home/dx/CLionProjects/incubator-brpc/googletest-src/googlemock/include"/>
					<Add directory="/home/dx/CLionProjects/incubator-brpc/googletest-src/googlemock"/>
					<Add directory="/home/dx/CLionProjects/incubator-brpc/googletest-src/googletest/include"/>
					<Add directory="/home/dx/CLionProjects/incubator-brpc/googletest-src/googletest"/>
					<Add directory="/usr/include/c++/7"/>
					<Add directory="/usr/include/x86_64-linux-gnu/c++/7"/>
					<Add directory="/usr/include/c++/7/backward"/>
					<Add directory="/usr/lib/gcc/x86_64-linux-gnu/7/include"/>
					<Add directory="/usr/local/include"/>
					<Add directory="/usr/lib/gcc/x86_64-linux-gnu/7/include-fixed"/>
					<Add directory="/usr/include/x86_64-linux-gnu"/>
					<Add directory="/usr/include"/>
				</Compiler>
				<MakeCommands>
					<Build command="/usr/bin/make -j4 -f &quot;/home/dx/CLionProjects/incubator-brpc/googletest-build/googlemock/Makefile&quot;  VERBOSE=1 gmock"/>
					<CompileFile command="/usr/bin/make -j4 -f &quot;/home/dx/CLionProjects/incubator-brpc/googletest-build/googlemock/Makefile&quot;  VERBOSE=1 &quot;$file&quot;"/>
					<Clean command="/usr/bin/make -j4 -f &quot;/home/dx/CLionProjects/incubator-brpc/googletest-build/googlemock/Makefile&quot;  VERBOSE=1 clean"/>
					<DistClean command="/usr/bin/make -j4 -f &quot;/home/dx/CLionProjects/incubator-brpc/googletest-build/googlemock/Makefile&quot;  VERBOSE=1 clean"/>
				</MakeCommands>
			</Target>
			<Target title="gmock/fast">
				<Option output="/home/dx/CLionProjects/incubator-brpc/cmake-build-debug/output/lib/libgmock.a" prefix_auto="0" extension_auto="0"/>
				<Option working_dir="/home/dx/CLionProjects/incubator-brpc/googletest-build/googlemock"/>
				<Option object_output="./"/>
				<Option type="2"/>
				<Option compiler="gcc"/>
				<Compiler>
					<Add directory="/home/dx/CLionProjects/incubator-brpc/src"/>
					<Add directory="/home/dx/CLionProjects/incubator-brpc/cmake-build-debug"/>
					<Add directory="/home/dx/CLionProjects/incubator-brpc/cmake-build-debug/test"/>
					<Add directory="/home/dx/CLionProjects/incubator-brpc/googletest-src/googlemock/include"/>
					<Add directory="/home/dx/CLionProjects/incubator-brpc/googletest-src/googlemock"/>
					<Add directory="/home/dx/CLionProjects/incubator-brpc/googletest-src/googletest/include"/>
					<Add directory="/home/dx/CLionProjects/incubator-brpc/googletest-src/googletest"/>
					<Add directory="/usr/include/c++/7"/>
					<Add directory="/usr/include/x86_64-linux-gnu/c++/7"/>
					<Add directory="/usr/include/c++/7/backward"/>
					<Add directory="/usr/lib/gcc/x86_64-linux-gnu/7/include"/>
					<Add directory="/usr/local/include"/>
					<Add directory="/usr/lib/gcc/x86_64-linux-gnu/7/include-fixed"/>
					<Add directory="/usr/include/x86_64-linux-gnu"/>
					<Add directory="/usr/include"/>
				</Compiler>
				<MakeCommands>
					<Build command="/usr/bin/make -j4 -f &quot;/home/dx/CLionProjects/incubator-brpc/googletest-build/googlemock/Makefile&quot;  VERBOSE=1 gmock/fast"/>
					<CompileFile command="/usr/bin/make -j4 -f &quot;/home/dx/CLionProjects/incubator-brpc/googletest-build/googlemock/Makefile&quot;  VERBOSE=1 &quot;$file&quot;"/>
					<Clean command="/usr/bin/make -j4 -f &quot;/home/dx/CLionProjects/incubator-brpc/googletest-build/googlemock/Makefile&quot;  VERBOSE=1 clean"/>
					<DistClean command="/usr/bin/make -j4 -f &quot;/home/dx/CLionProjects/incubator-brpc/googletest-build/googlemock/Makefile&quot;  VERBOSE=1 clean"/>
				</MakeCommands>
			</Target>
			<Target title="gtest_main">
				<Option output="/home/dx/CLionProjects/incubator-brpc/cmake-build-debug/output/lib/libgtest_main.a" prefix_auto="0" extension_auto="0"/>
				<Option working_dir="/home/dx/CLionProjects/incubator-brpc/googletest-build/googlemock/gtest"/>
				<Option object_output="./"/>
				<Option type="2"/>
				<Option compiler="gcc"/>
				<Compiler>
					<Add directory="/home/dx/CLionProjects/incubator-brpc/src"/>
					<Add directory="/home/dx/CLionProjects/incubator-brpc/cmake-build-debug"/>
					<Add directory="/home/dx/CLionProjects/incubator-brpc/cmake-build-debug/test"/>
					<Add directory="/home/dx/CLionProjects/incubator-brpc/googletest-src/googletest/include"/>
					<Add directory="/home/dx/CLionProjects/incubator-brpc/googletest-src/googletest"/>
					<Add directory="/usr/include/c++/7"/>
					<Add directory="/usr/include/x86_64-linux-gnu/c++/7"/>
					<Add directory="/usr/include/c++/7/backward"/>
					<Add directory="/usr/lib/gcc/x86_64-linux-gnu/7/include"/>
					<Add directory="/usr/local/include"/>
					<Add directory="/usr/lib/gcc/x86_64-linux-gnu/7/include-fixed"/>
					<Add directory="/usr/include/x86_64-linux-gnu"/>
					<Add directory="/usr/include"/>
				</Compiler>
				<MakeCommands>
					<Build command="/usr/bin/make -j4 -f &quot;/home/dx/CLionProjects/incubator-brpc/googletest-build/googlemock/gtest/Makefile&quot;  VERBOSE=1 gtest_main"/>
					<CompileFile command="/usr/bin/make -j4 -f &quot;/home/dx/CLionProjects/incubator-brpc/googletest-build/googlemock/gtest/Makefile&quot;  VERBOSE=1 &quot;$file&quot;"/>
					<Clean command="/usr/bin/make -j4 -f &quot;/home/dx/CLionProjects/incubator-brpc/googletest-build/googlemock/gtest/Makefile&quot;  VERBOSE=1 clean"/>
					<DistClean command="/usr/bin/make -j4 -f &quot;/home/dx/CLionProjects/incubator-brpc/googletest-build/googlemock/gtest/Makefile&quot;  VERBOSE=1 clean"/>
				</MakeCommands>
			</Target>
			<Target title="gtest_main/fast">
				<Option output="/home/dx/CLionProjects/incubator-brpc/cmake-build-debug/output/lib/libgtest_main.a" prefix_auto="0" extension_auto="0"/>
				<Option working_dir="/home/dx/CLionProjects/incubator-brpc/googletest-build/googlemock/gtest"/>
				<Option object_output="./"/>
				<Option type="2"/>
				<Option compiler="gcc"/>
				<Compiler>
					<Add directory="/home/dx/CLionProjects/incubator-brpc/src"/>
					<Add directory="/home/dx/CLionProjects/incubator-brpc/cmake-build-debug"/>
					<Add directory="/home/dx/CLionProjects/incubator-brpc/cmake-build-debug/test"/>
					<Add directory="/home/dx/CLionProjects/incubator-brpc/googletest-src/googletest/include"/>
					<Add directory="/home/dx/CLionProjects/incubator-brpc/googletest-src/googletest"/>
					<Add directory="/usr/include/c++/7"/>
					<Add directory="/usr/include/x86_64-linux-gnu/c++/7"/>
					<Add directory="/usr/include/c++/7/backward"/>
					<Add directory="/usr/lib/gcc/x86_64-linux-gnu/7/include"/>
					<Add directory="/usr/local/include"/>
					<Add directory="/usr/lib/gcc/x86_64-linux-gnu/7/include-fixed"/>
					<Add directory="/usr/include/x86_64-linux-gnu"/>
					<Add directory="/usr/include"/>
				</Compiler>
				<MakeCommands>
					<Build command="/usr/bin/make -j4 -f &quot;/home/dx/CLionProjects/incubator-brpc/googletest-build/googlemock/gtest/Makefile&quot;  VERBOSE=1 gtest_main/fast"/>
					<CompileFile command="/usr/bin/make -j4 -f &quot;/home/dx/CLionProjects/incubator-brpc/googletest-build/googlemock/gtest/Makefile&quot;  VERBOSE=1 &quot;$file&quot;"/>
					<Clean command="/usr/bin/make -j4 -f &quot;/home/dx/CLionProjects/incubator-brpc/googletest-build/googlemock/gtest/Makefile&quot;  VERBOSE=1 clean"/>
					<DistClean command="/usr/bin/make -j4 -f &quot;/home/dx/CLionProjects/incubator-brpc/googletest-build/googlemock/gtest/Makefile&quot;  VERBOSE=1 clean"/>
				</MakeCommands>
			</Target>
			<Target title="gtest">
				<Option output="/home/dx/CLionProjects/incubator-brpc/cmake-build-debug/output/lib/libgtest.a" prefix_auto="0" extension_auto="0"/>
				<Option working_dir="/home/dx/CLionProjects/incubator-brpc/googletest-build/googlemock/gtest"/>
				<Option object_output="./"/>
				<Option type="2"/>
				<Option compiler="gcc"/>
				<Compiler>
					<Add directory="/home/dx/CLionProjects/incubator-brpc/src"/>
					<Add directory="/home/dx/CLionProjects/incubator-brpc/cmake-build-debug"/>
					<Add directory="/home/dx/CLionProjects/incubator-brpc/cmake-build-debug/test"/>
					<Add directory="/home/dx/CLionProjects/incubator-brpc/googletest-src/googletest/include"/>
					<Add directory="/home/dx/CLionProjects/incubator-brpc/googletest-src/googletest"/>
					<Add directory="/usr/include/c++/7"/>
					<Add directory="/usr/include/x86_64-linux-gnu/c++/7"/>
					<Add directory="/usr/include/c++/7/backward"/>
					<Add directory="/usr/lib/gcc/x86_64-linux-gnu/7/include"/>
					<Add directory="/usr/local/include"/>
					<Add directory="/usr/lib/gcc/x86_64-linux-gnu/7/include-fixed"/>
					<Add directory="/usr/include/x86_64-linux-gnu"/>
					<Add directory="/usr/include"/>
				</Compiler>
				<MakeCommands>
					<Build command="/usr/bin/make -j4 -f &quot;/home/dx/CLionProjects/incubator-brpc/googletest-build/googlemock/gtest/Makefile&quot;  VERBOSE=1 gtest"/>
					<CompileFile command="/usr/bin/make -j4 -f &quot;/home/dx/CLionProjects/incubator-brpc/googletest-build/googlemock/gtest/Makefile&quot;  VERBOSE=1 &quot;$file&quot;"/>
					<Clean command="/usr/bin/make -j4 -f &quot;/home/dx/CLionProjects/incubator-brpc/googletest-build/googlemock/gtest/Makefile&quot;  VERBOSE=1 clean"/>
					<DistClean command="/usr/bin/make -j4 -f &quot;/home/dx/CLionProjects/incubator-brpc/googletest-build/googlemock/gtest/Makefile&quot;  VERBOSE=1 clean"/>
				</MakeCommands>
			</Target>
			<Target title="gtest/fast">
				<Option output="/home/dx/CLionProjects/incubator-brpc/cmake-build-debug/output/lib/libgtest.a" prefix_auto="0" extension_auto="0"/>
				<Option working_dir="/home/dx/CLionProjects/incubator-brpc/googletest-build/googlemock/gtest"/>
				<Option object_output="./"/>
				<Option type="2"/>
				<Option compiler="gcc"/>
				<Compiler>
					<Add directory="/home/dx/CLionProjects/incubator-brpc/src"/>
					<Add directory="/home/dx/CLionProjects/incubator-brpc/cmake-build-debug"/>
					<Add directory="/home/dx/CLionProjects/incubator-brpc/cmake-build-debug/test"/>
					<Add directory="/home/dx/CLionProjects/incubator-brpc/googletest-src/googletest/include"/>
					<Add directory="/home/dx/CLionProjects/incubator-brpc/googletest-src/googletest"/>
					<Add directory="/usr/include/c++/7"/>
					<Add directory="/usr/include/x86_64-linux-gnu/c++/7"/>
					<Add directory="/usr/include/c++/7/backward"/>
					<Add directory="/usr/lib/gcc/x86_64-linux-gnu/7/include"/>
					<Add directory="/usr/local/include"/>
					<Add directory="/usr/lib/gcc/x86_64-linux-gnu/7/include-fixed"/>
					<Add directory="/usr/include/x86_64-linux-gnu"/>
					<Add directory="/usr/include"/>
				</Compiler>
				<MakeCommands>
					<Build command="/usr/bin/make -j4 -f &quot;/home/dx/CLionProjects/incubator-brpc/googletest-build/googlemock/gtest/Makefile&quot;  VERBOSE=1 gtest/fast"/>
					<CompileFile command="/usr/bin/make -j4 -f &quot;/home/dx/CLionProjects/incubator-brpc/googletest-build/googlemock/gtest/Makefile&quot;  VERBOSE=1 &quot;$file&quot;"/>
					<Clean command="/usr/bin/make -j4 -f &quot;/home/dx/CLionProjects/incubator-brpc/googletest-build/googlemock/gtest/Makefile&quot;  VERBOSE=1 clean"/>
					<DistClean command="/usr/bin/make -j4 -f &quot;/home/dx/CLionProjects/incubator-brpc/googletest-build/googlemock/gtest/Makefile&quot;  VERBOSE=1 clean"/>
				</MakeCommands>
			</Target>
		</Build>
		<Unit filename="/home/dx/CLionProjects/incubator-brpc/googletest-src/googlemock/src/gmock-all.cc">
			<Option target="gmock_main"/>
			<Option target="gmock"/>
		</Unit>
		<Unit filename="/home/dx/CLionProjects/incubator-brpc/googletest-src/googlemock/src/gmock_main.cc">
			<Option target="gmock_main"/>
		</Unit>
		<Unit filename="/home/dx/CLionProjects/incubator-brpc/googletest-src/googletest/src/gtest-all.cc">
			<Option target="gmock_main"/>
			<Option target="gmock"/>
			<Option target="gtest"/>
		</Unit>
		<Unit filename="/home/dx/CLionProjects/incubator-brpc/googletest-src/googletest/src/gtest_main.cc">
			<Option target="gtest_main"/>
		</Unit>
		<Unit filename="/home/dx/CLionProjects/incubator-brpc/CMakeLists.txt">
			<Option virtualFolder="CMake Files\"/>
		</Unit>
		<Unit filename="/home/dx/CLionProjects/incubator-brpc/config.h.in">
			<Option virtualFolder="CMake Files\"/>
		</Unit>
		<Unit filename="/home/dx/CLionProjects/incubator-brpc/cmake/CompileProto.cmake">
			<Option virtualFolder="CMake Files\cmake\"/>
		</Unit>
		<Unit filename="/home/dx/CLionProjects/incubator-brpc/cmake/FindGFLAGS.cmake">
			<Option virtualFolder="CMake Files\cmake\"/>
		</Unit>
		<Unit filename="/home/dx/CLionProjects/incubator-brpc/cmake/FindGperftools.cmake">
			<Option virtualFolder="CMake Files\cmake\"/>
		</Unit>
		<Unit filename="/home/dx/CLionProjects/incubator-brpc/cmake/SetupGtest.cmake">
			<Option virtualFolder="CMake Files\cmake\"/>
		</Unit>
		<Unit filename="/home/dx/CLionProjects/incubator-brpc/cmake/brpc.pc.in">
			<Option virtualFolder="CMake Files\cmake\"/>
		</Unit>
		<Unit filename="/home/dx/CLionProjects/incubator-brpc/src/CMakeLists.txt">
			<Option virtualFolder="CMake Files\src\"/>
		</Unit>
		<Unit filename="/home/dx/CLionProjects/incubator-brpc/test/CMakeLists.txt">
			<Option virtualFolder="CMake Files\test\"/>
		</Unit>
		<Unit filename="/home/dx/CLionProjects/incubator-brpc/googletest-src/CMakeLists.txt">
			<Option virtualFolder="CMake Files\googletest-src\"/>
		</Unit>
		<Unit filename="/home/dx/CLionProjects/incubator-brpc/googletest-src/googlemock/CMakeLists.txt">
			<Option virtualFolder="CMake Files\googletest-src\googlemock\"/>
		</Unit>
		<Unit filename="/home/dx/CLionProjects/incubator-brpc/googletest-src/googletest/CMakeLists.txt">
			<Option virtualFolder="CMake Files\googletest-src\googletest\"/>
		</Unit>
		<Unit filename="/home/dx/CLionProjects/incubator-brpc/googletest-src/googletest/cmake/internal_utils.cmake">
			<Option virtualFolder="CMake Files\googletest-src\googletest\cmake\"/>
		</Unit>
		<Unit filename="/home/dx/CLionProjects/incubator-brpc/tools/CMakeLists.txt">
			<Option virtualFolder="CMake Files\tools\"/>
		</Unit>
		<Unit filename="/home/dx/CLionProjects/incubator-brpc/tools/parallel_http/CMakeLists.txt">
			<Option virtualFolder="CMake Files\tools\parallel_http\"/>
		</Unit>
		<Unit filename="/home/dx/CLionProjects/incubator-brpc/tools/rpc_press/CMakeLists.txt">
			<Option virtualFolder="CMake Files\tools\rpc_press\"/>
		</Unit>
		<Unit filename="/home/dx/CLionProjects/incubator-brpc/tools/rpc_replay/CMakeLists.txt">
			<Option virtualFolder="CMake Files\tools\rpc_replay\"/>
		</Unit>
		<Unit filename="/home/dx/CLionProjects/incubator-brpc/tools/rpc_view/CMakeLists.txt">
			<Option virtualFolder="CMake Files\tools\rpc_view\"/>
		</Unit>
		<Unit filename="/home/dx/CLionProjects/incubator-brpc/tools/trackme_server/CMakeLists.txt">
			<Option virtualFolder="CMake Files\tools\trackme_server\"/>
		</Unit>
	</Project>
</CodeBlocks_project_file>
